
Microsoft Visual Studio Solution File, Format Version 12.00
# Visual Studio Version 16
VisualStudioVersion = 16.0.30330.147
MinimumVisualStudioVersion = 10.0.40219.1
Project("{FAE04EC0-301F-11D3-BF4B-00C04F79EFBC}") = "TVRemoteApp", "TVRemoteApp\TVRemoteApp.csproj", "{C8D4BF31-0295-40DA-93FA-F05844023F37}"
EndProject
Global
	GlobalSection(SolutionConfigurationPlatforms) = preSolution
		Debug|Any CPU = Debug|Any CPU
		Release|Any CPU = Release|Any CPU
	EndGlobalSection
	GlobalSection(ProjectConfigurationPlatforms) = postSolution
		{C8D4BF31-0295-40DA-93FA-F05844023F37}.Debug|Any CPU.ActiveCfg = Debug|Any CPU
		{C8D4BF31-0295-40DA-93FA-F05844023F37}.Debug|Any CPU.Build.0 = Debug|Any CPU
		{C8D4BF31-0295-40DA-93FA-F05844023F37}.Release|Any CPU.ActiveCfg = Release|Any CPU
		{C8D4BF31-0295-40DA-93FA-F05844023F37}.Release|Any CPU.Build.0 = Release|Any CPU
	EndGlobalSection
	GlobalSection(SolutionProperties) = preSolution
		HideSolutionNode = FALSE
	EndGlobalSection
	GlobalSection(ExtensibilityGlobals) = postSolution
		SolutionGuid = {B6F18F85-32B5-4757-AF5E-2D30E2F6EE5F}
	EndGlobalSection
EndGlobal
